
Microsoft Visual Studio Solution File, Format Version 12.00
# Visual Studio Version 17
VisualStudioVersion = 17.4.33213.308
MinimumVisualStudioVersion = 10.0.40219.1
Project("{9A19103F-16F7-4668-BE54-9A1E7A4F7556}") = "HouseBrokerApp.UI", "HouseBrokerApp.UI.csproj", "{EE21C1A7-54EC-4061-87BA-10BD842432DE}"
EndProject
Project("{9A19103F-16F7-4668-BE54-9A1E7A4F7556}") = "HouseBroker.Domain", "..\HouseBroker.Domain\HouseBroker.Domain.csproj", "{81DD62D7-574A-4CBA-9BA3-8386364E32A7}"
EndProject
Project("{9A19103F-16F7-4668-BE54-9A1E7A4F7556}") = "HouseBroker.Infrastructure", "..\HouseBroker.Infrastructure\HouseBroker.Infrastructure.csproj", "{0BFBEFF8-A88F-46B0-88D1-E9DD615919B7}"
EndProject
Project("{9A19103F-16F7-4668-BE54-9A1E7A4F7556}") = "HouseBroker.Application", "..\HouseBroker.Application\HouseBroker.Application.csproj", "{FBE5AC14-EB7E-4716-85FC-9F46A4CBEA9F}"
EndProject
Project("{2150E333-8FDC-42A3-9474-1A3956D46DE8}") = "Solution Items", "Solution Items", "{91F920C3-F968-4977-B671-D9B86A800AAE}"
	ProjectSection(SolutionItems) = preProject
		.editorconfig = .editorconfig
		readme.md = readme.md
	EndProjectSection
EndProject
Global
	GlobalSection(SolutionConfigurationPlatforms) = preSolution
		Debug|Any CPU = Debug|Any CPU
		Release|Any CPU = Release|Any CPU
	EndGlobalSection
	GlobalSection(ProjectConfigurationPlatforms) = postSolution
		{EE21C1A7-54EC-4061-87BA-10BD842432DE}.Debug|Any CPU.ActiveCfg = Debug|Any CPU
		{EE21C1A7-54EC-4061-87BA-10BD842432DE}.Debug|Any CPU.Build.0 = Debug|Any CPU
		{EE21C1A7-54EC-4061-87BA-10BD842432DE}.Release|Any CPU.ActiveCfg = Release|Any CPU
		{EE21C1A7-54EC-4061-87BA-10BD842432DE}.Release|Any CPU.Build.0 = Release|Any CPU
		{81DD62D7-574A-4CBA-9BA3-8386364E32A7}.Debug|Any CPU.ActiveCfg = Debug|Any CPU
		{81DD62D7-574A-4CBA-9BA3-8386364E32A7}.Debug|Any CPU.Build.0 = Debug|Any CPU
		{81DD62D7-574A-4CBA-9BA3-8386364E32A7}.Release|Any CPU.ActiveCfg = Release|Any CPU
		{81DD62D7-574A-4CBA-9BA3-8386364E32A7}.Release|Any CPU.Build.0 = Release|Any CPU
		{0BFBEFF8-A88F-46B0-88D1-E9DD615919B7}.Debug|Any CPU.ActiveCfg = Debug|Any CPU
		{0BFBEFF8-A88F-46B0-88D1-E9DD615919B7}.Debug|Any CPU.Build.0 = Debug|Any CPU
		{0BFBEFF8-A88F-46B0-88D1-E9DD615919B7}.Release|Any CPU.ActiveCfg = Release|Any CPU
		{0BFBEFF8-A88F-46B0-88D1-E9DD615919B7}.Release|Any CPU.Build.0 = Release|Any CPU
		{FBE5AC14-EB7E-4716-85FC-9F46A4CBEA9F}.Debug|Any CPU.ActiveCfg = Debug|Any CPU
		{FBE5AC14-EB7E-4716-85FC-9F46A4CBEA9F}.Debug|Any CPU.Build.0 = Debug|Any CPU
		{FBE5AC14-EB7E-4716-85FC-9F46A4CBEA9F}.Release|Any CPU.ActiveCfg = Release|Any CPU
		{FBE5AC14-EB7E-4716-85FC-9F46A4CBEA9F}.Release|Any CPU.Build.0 = Release|Any CPU
	EndGlobalSection
	GlobalSection(SolutionProperties) = preSolution
		HideSolutionNode = FALSE
	EndGlobalSection
	GlobalSection(ExtensibilityGlobals) = postSolution
		SolutionGuid = {24118851-9693-4888-95A6-8CF45C7D1487}
	EndGlobalSection
EndGlobal
